{
  "name": "school-lunch-checker-frontend",
  "version": "1.0.0",
  "lockfileVersion": 3,
  "requires": true,
  "packages": {
    "": {
      "name": "school-lunch-checker-frontend",
      "version": "1.0.0",
      "license": "MIT",
      "devDependencies": {
        "daisyui": "^5.1.18",
        "tailwindcss": "^4.1.13"
      }
    },
    "node_modules/daisyui": {
      "version": "5.1.18",
      "resolved": "https://registry.npmjs.org/daisyui/-/daisyui-5.1.18.tgz",
      "integrity": "sha512-hJyDLT20RANfw/I0vlzZM/4BtIEe23vklcRHi7dNv9FKMJPh89ycxI8nXTMUeh7q8wYX1qPNvRoKMrh55hnO/g==",
      "dev": true,
      "license": "MIT",
      "funding": {
        "url": "https://github.com/saadeghi/daisyui?sponsor=1"
      }
    },
    "node_modules/tailwindcss": {
      "version": "4.1.13",
      "resolved": "https://registry.npmjs.org/tailwindcss/-/tailwindcss-4.1.13.tgz",
      "integrity": "sha512-i+zidfmTqtwquj4hMEwdjshYYgMbOrPzb9a0M3ZgNa0JMoZeFC6bxZvO8yr8ozS6ix2SDz0+mvryPeBs2TFE+w==",
      "dev": true,
      "license": "MIT"
    }
  }
}
